// !$*UTF8*$!
{
	archiveVersion = 1;
	classes = {
	};
	objectVersion = 48;
	objects = {

/* Begin PBXBuildFile section */
		AE103F101FAB6C9400840A9C /* AppDelegate.swift in Sources */ = {isa = PBXBuildFile; fileRef = AE103F0F1FAB6C9400840A9C /* AppDelegate.swift */; };
		AE103F151FAB6C9400840A9C /* Main.storyboard in Resources */ = {isa = PBXBuildFile; fileRef = AE103F131FAB6C9400840A9C /* Main.storyboard */; };
		AE103F171FAB6C9400840A9C /* Assets.xcassets in Resources */ = {isa = PBXBuildFile; fileRef = AE103F161FAB6C9400840A9C /* Assets.xcassets */; };
		AE103F1A1FAB6C9400840A9C /* LaunchScreen.storyboard in Resources */ = {isa = PBXBuildFile; fileRef = AE103F181FAB6C9400840A9C /* LaunchScreen.storyboard */; };
		AE103F251FAB6C9400840A9C /* HomepwnerTests.swift in Sources */ = {isa = PBXBuildFile; fileRef = AE103F241FAB6C9400840A9C /* HomepwnerTests.swift */; };
		AE103F301FAB6C9400840A9C /* HomepwnerUITests.swift in Sources */ = {isa = PBXBuildFile; fileRef = AE103F2F1FAB6C9400840A9C /* HomepwnerUITests.swift */; };
		AE113DFC1FB2F2BA0073A179 /* ItemsViewController.swift in Sources */ = {isa = PBXBuildFile; fileRef = AE113DFB1FB2F2BA0073A179 /* ItemsViewController.swift */; };
		AE113DFE1FB2F3320073A179 /* Item.swift in Sources */ = {isa = PBXBuildFile; fileRef = AE113DFD1FB2F3320073A179 /* Item.swift */; };
		AEA5452D1FB2F76C00E1A333 /* ItemStore.swift in Sources */ = {isa = PBXBuildFile; fileRef = AEA5452C1FB2F76C00E1A333 /* ItemStore.swift */; };
		AEA5452F1FB560E800E1A333 /* ImageStore.swift in Sources */ = {isa = PBXBuildFile; fileRef = AEA5452E1FB560E800E1A333 /* ImageStore.swift */; };
		AEB4D8111FB4308B00E4E194 /* ItemCell.swift in Sources */ = {isa = PBXBuildFile; fileRef = AEB4D8101FB4308B00E4E194 /* ItemCell.swift */; };
		AEB4D8131FB43E4C00E4E194 /* DetailViewController.swift in Sources */ = {isa = PBXBuildFile; fileRef = AEB4D8121FB43E4C00E4E194 /* DetailViewController.swift */; };
/* End PBXBuildFile section */

/* Begin PBXContainerItemProxy section */
		AE103F211FAB6C9400840A9C /* PBXContainerItemProxy */ = {
			isa = PBXContainerItemProxy;
			containerPortal = AE103F041FAB6C9400840A9C /* Project object */;
			proxyType = 1;
			remoteGlobalIDString = AE103F0B1FAB6C9400840A9C;
			remoteInfo = Homepwner;
		};
		AE103F2C1FAB6C9400840A9C /* PBXContainerItemProxy */ = {
			isa = PBXContainerItemProxy;
			containerPortal = AE103F041FAB6C9400840A9C /* Project object */;
			proxyType = 1;
			remoteGlobalIDString = AE103F0B1FAB6C9400840A9C;
			remoteInfo = Homepwner;
		};
/* End PBXContainerItemProxy section */

/* Begin PBXFileReference section */
		AE103F0C1FAB6C9400840A9C /* Homepwner.app */ = {isa = PBXFileReference; explicitFileType = wrapper.application; includeInIndex = 0; path = Homepwner.app; sourceTree = BUILT_PRODUCTS_DIR; };
		AE103F0F1FAB6C9400840A9C /* AppDelegate.swift */ = {isa = PBXFileReference; lastKnownFileType = sourcecode.swift; path = AppDelegate.swift; sourceTree = "<group>"; };
		AE103F141FAB6C9400840A9C /* Base */ = {isa = PBXFileReference; lastKnownFileType = file.storyboard; name = Base; path = Base.lproj/Main.storyboard; sourceTree = "<group>"; };
		AE103F161FAB6C9400840A9C /* Assets.xcassets */ = {isa = PBXFileReference; lastKnownFileType = folder.assetcatalog; path = Assets.xcassets; sourceTree = "<group>"; };
		AE103F191FAB6C9400840A9C /* Base */ = {isa = PBXFileReference; lastKnownFileType = file.storyboard; name = Base; path = Base.lproj/LaunchScreen.storyboard; sourceTree = "<group>"; };
		AE103F1B1FAB6C9400840A9C /* Info.plist */ = {isa = PBXFileReference; lastKnownFileType = text.plist.xml; path = Info.plist; sourceTree = "<group>"; };
		AE103F201FAB6C9400840A9C /* HomepwnerTests.xctest */ = {isa = PBXFileReference; explicitFileType = wrapper.cfbundle; includeInIndex = 0; path = HomepwnerTests.xctest; sourceTree = BUILT_PRODUCTS_DIR; };
		AE103F241FAB6C9400840A9C /* HomepwnerTests.swift */ = {isa = PBXFileReference; lastKnownFileType = sourcecode.swift; path = HomepwnerTests.swift; sourceTree = "<group>"; };
		AE103F261FAB6C9400840A9C /* Info.plist */ = {isa = PBXFileReference; lastKnownFileType = text.plist.xml; path = Info.plist; sourceTree = "<group>"; };
		AE103F2B1FAB6C9400840A9C /* HomepwnerUITests.xctest */ = {isa = PBXFileReference; explicitFileType = wrapper.cfbundle; includeInIndex = 0; path = HomepwnerUITests.xctest; sourceTree = BUILT_PRODUCTS_DIR; };
		AE103F2F1FAB6C9400840A9C /* HomepwnerUITests.swift */ = {isa = PBXFileReference; lastKnownFileType = sourcecode.swift; path = HomepwnerUITests.swift; sourceTree = "<group>"; };
		AE103F311FAB6C9400840A9C /* Info.plist */ = {isa = PBXFileReference; lastKnownFileType = text.plist.xml; path = Info.plist; sourceTree = "<group>"; };
		AE113DFB1FB2F2BA0073A179 /* ItemsViewController.swift */ = {isa = PBXFileReference; lastKnownFileType = sourcecode.swift; path = ItemsViewController.swift; sourceTree = "<group>"; };
		AE113DFD1FB2F3320073A179 /* Item.swift */ = {isa = PBXFileReference; lastKnownFileType = sourcecode.swift; path = Item.swift; sourceTree = "<group>"; };
		AEA5452C1FB2F76C00E1A333 /* ItemStore.swift */ = {isa = PBXFileReference; lastKnownFileType = sourcecode.swift; path = ItemStore.swift; sourceTree = "<group>"; };
		AEA5452E1FB560E800E1A333 /* ImageStore.swift */ = {isa = PBXFileReference; lastKnownFileType = sourcecode.swift; path = ImageStore.swift; sourceTree = "<group>"; };
		AEB4D8101FB4308B00E4E194 /* ItemCell.swift */ = {isa = PBXFileReference; lastKnownFileType = sourcecode.swift; path = ItemCell.swift; sourceTree = "<group>"; };
		AEB4D8121FB43E4C00E4E194 /* DetailViewController.swift */ = {isa = PBXFileReference; lastKnownFileType = sourcecode.swift; path = DetailViewController.swift; sourceTree = "<group>"; };
/* End PBXFileReference section */

/* Begin PBXFrameworksBuildPhase section */
		AE103F091FAB6C9400840A9C /* Frameworks */ = {
			isa = PBXFrameworksBuildPhase;
			buildActionMask = 2147483647;
			files = (
			);
			runOnlyForDeploymentPostprocessing = 0;
		};
		AE103F1D1FAB6C9400840A9C /* Frameworks */ = {
			isa = PBXFrameworksBuildPhase;
			buildActionMask = 2147483647;
			files = (
			);
			runOnlyForDeploymentPostprocessing = 0;
		};
		AE103F281FAB6C9400840A9C /* Frameworks */ = {
			isa = PBXFrameworksBuildPhase;
			buildActionMask = 2147483647;
			files = (
			);
			runOnlyForDeploymentPostprocessing = 0;
		};
/* End PBXFrameworksBuildPhase section */

/* Begin PBXGroup section */
		AE103F031FAB6C9400840A9C = {
			isa = PBXGroup;
			children = (
				AE103F0E1FAB6C9400840A9C /* Homepwner */,
				AE103F231FAB6C9400840A9C /* HomepwnerTests */,
				AE103F2E1FAB6C9400840A9C /* HomepwnerUITests */,
				AE103F0D1FAB6C9400840A9C /* Products */,
			);
			sourceTree = "<group>";
		};
		AE103F0D1FAB6C9400840A9C /* Products */ = {
			isa = PBXGroup;
			children = (
				AE103F0C1FAB6C9400840A9C /* Homepwner.app */,
				AE103F201FAB6C9400840A9C /* HomepwnerTests.xctest */,
				AE103F2B1FAB6C9400840A9C /* HomepwnerUITests.xctest */,
			);
			name = Products;
			sourceTree = "<group>";
		};
		AE103F0E1FAB6C9400840A9C /* Homepwner */ = {
			isa = PBXGroup;
			children = (
				AE103F0F1FAB6C9400840A9C /* AppDelegate.swift */,
				AE113DFB1FB2F2BA0073A179 /* ItemsViewController.swift */,
				AE113DFD1FB2F3320073A179 /* Item.swift */,
				AEA5452C1FB2F76C00E1A333 /* ItemStore.swift */,
				AEB4D8101FB4308B00E4E194 /* ItemCell.swift */,
				AEA5452E1FB560E800E1A333 /* ImageStore.swift */,
				AEB4D8121FB43E4C00E4E194 /* DetailViewController.swift */,
				AE103F131FAB6C9400840A9C /* Main.storyboard */,
				AE103F161FAB6C9400840A9C /* Assets.xcassets */,
				AE103F181FAB6C9400840A9C /* LaunchScreen.storyboard */,
				AE103F1B1FAB6C9400840A9C /* Info.plist */,
			);
			path = Homepwner;
			sourceTree = "<group>";
		};
		AE103F231FAB6C9400840A9C /* HomepwnerTests */ = {
			isa = PBXGroup;
			children = (
				AE103F241FAB6C9400840A9C /* HomepwnerTests.swift */,
				AE103F261FAB6C9400840A9C /* Info.plist */,
			);
			path = HomepwnerTests;
			sourceTree = "<group>";
		};
		AE103F2E1FAB6C9400840A9C /* HomepwnerUITests */ = {
			isa = PBXGroup;
			children = (
				AE103F2F1FAB6C9400840A9C /* HomepwnerUITests.swift */,
				AE103F311FAB6C9400840A9C /* Info.plist */,
			);
			path = HomepwnerUITests;
			sourceTree = "<group>";
		};
/* End PBXGroup section */

/* Begin PBXNativeTarget section */
		AE103F0B1FAB6C9400840A9C /* Homepwner */ = {
			isa = PBXNativeTarget;
			buildConfigurationList = AE103F341FAB6C9400840A9C /* Build configuration list for PBXNativeTarget "Homepwner" */;
			buildPhases = (
				AE103F081FAB6C9400840A9C /* Sources */,
				AE103F091FAB6C9400840A9C /* Frameworks */,
				AE103F0A1FAB6C9400840A9C /* Resources */,
			);
			buildRules = (
			);
			dependencies = (
			);
			name = Homepwner;
			productName = Homepwner;
			productReference = AE103F0C1FAB6C9400840A9C /* Homepwner.app */;
			productType = "com.apple.product-type.application";
		};
		AE103F1F1FAB6C9400840A9C /* HomepwnerTests */ = {
			isa = PBXNativeTarget;
			buildConfigurationList = AE103F371FAB6C9400840A9C /* Build configuration list for PBXNativeTarget "HomepwnerTests" */;
			buildPhases = (
				AE103F1C1FAB6C9400840A9C /* Sources */,
				AE103F1D1FAB6C9400840A9C /* Frameworks */,
				AE103F1E1FAB6C9400840A9C /* Resources */,
			);
			buildRules = (
			);
			dependencies = (
				AE103F221FAB6C9400840A9C /* PBXTargetDependency */,
			);
			name = HomepwnerTests;
			productName = HomepwnerTests;
			productReference = AE103F201FAB6C9400840A9C /* HomepwnerTests.xctest */;
			productType = "com.apple.product-type.bundle.unit-test";
		};
		AE103F2A1FAB6C9400840A9C /* HomepwnerUITests */ = {
			isa = PBXNativeTarget;
			buildConfigurationList = AE103F3A1FAB6C9400840A9C /* Build configuration list for PBXNativeTarget "HomepwnerUITests" */;
			buildPhases = (
				AE103F271FAB6C9400840A9C /* Sources */,
				AE103F281FAB6C9400840A9C /* Frameworks */,
				AE103F291FAB6C9400840A9C /* Resources */,
			);
			buildRules = (
			);
			dependencies = (
				AE103F2D1FAB6C9400840A9C /* PBXTargetDependency */,
			);
			name = HomepwnerUITests;
			productName = HomepwnerUITests;
			productReference = AE103F2B1FAB6C9400840A9C /* HomepwnerUITests.xctest */;
			productType = "com.apple.product-type.bundle.ui-testing";
		};
/* End PBXNativeTarget section */

/* Begin PBXProject section */
		AE103F041FAB6C9400840A9C /* Project object */ = {
			isa = PBXProject;
			attributes = {
				LastSwiftUpdateCheck = 0900;
				LastUpgradeCheck = 0900;
				ORGANIZATIONNAME = "张鑫";
				TargetAttributes = {
					AE103F0B1FAB6C9400840A9C = {
						CreatedOnToolsVersion = 9.0.1;
						ProvisioningStyle = Automatic;
					};
					AE103F1F1FAB6C9400840A9C = {
						CreatedOnToolsVersion = 9.0.1;
						ProvisioningStyle = Automatic;
						TestTargetID = AE103F0B1FAB6C9400840A9C;
					};
					AE103F2A1FAB6C9400840A9C = {
						CreatedOnToolsVersion = 9.0.1;
						ProvisioningStyle = Automatic;
						TestTargetID = AE103F0B1FAB6C9400840A9C;
					};
				};
			};
			buildConfigurationList = AE103F071FAB6C9400840A9C /* Build configuration list for PBXProject "Homepwner" */;
			compatibilityVersion = "Xcode 8.0";
			developmentRegion = en;
			hasScannedForEncodings = 0;
			knownRegions = (
				en,
				Base,
			);
			mainGroup = AE103F031FAB6C9400840A9C;
			productRefGroup = AE103F0D1FAB6C9400840A9C /* Products */;
			projectDirPath = "";
			projectRoot = "";
			targets = (
				AE103F0B1FAB6C9400840A9C /* Homepwner */,
				AE103F1F1FAB6C9400840A9C /* HomepwnerTests */,
				AE103F2A1FAB6C9400840A9C /* HomepwnerUITests */,
			);
		};
/* End PBXProject section */

/* Begin PBXResourcesBuildPhase section */
		AE103F0A1FAB6C9400840A9C /* Resources */ = {
			isa = PBXResourcesBuildPhase;
			buildActionMask = 2147483647;
			files = (
				AE103F1A1FAB6C9400840A9C /* LaunchScreen.storyboard in Resources */,
				AE103F171FAB6C9400840A9C /* Assets.xcassets in Resources */,
				AE103F151FAB6C9400840A9C /* Main.storyboard in Resources */,
			);
			runOnlyForDeploymentPostprocessing = 0;
		};
		AE103F1E1FAB6C9400840A9C /* Resources */ = {
			isa = PBXResourcesBuildPhase;
			buildActionMask = 2147483647;
			files = (
			);
			runOnlyForDeploymentPostprocessing = 0;
		};
		AE103F291FAB6C9400840A9C /* Resources */ = {
			isa = PBXResourcesBuildPhase;
			buildActionMask = 2147483647;
			files = (
			);
			runOnlyForDeploymentPostprocessing = 0;
		};
/* End PBXResourcesBuildPhase section */

/* Begin PBXSourcesBuildPhase section */
		AE103F081FAB6C9400840A9C /* Sources */ = {
			isa = PBXSourcesBuildPhase;
			buildActionMask = 2147483647;
			files = (
				AE103F101FAB6C9400840A9C /* AppDelegate.swift in Sources */,
				AE113DFE1FB2F3320073A179 /* Item.swift in Sources */,
				AEA5452D1FB2F76C00E1A333 /* ItemStore.swift in Sources */,
				AEB4D8131FB43E4C00E4E194 /* DetailViewController.swift in Sources */,
				AE113DFC1FB2F2BA0073A179 /* ItemsViewController.swift in Sources */,
				AEA5452F1FB560E800E1A333 /* ImageStore.swift in Sources */,
				AEB4D8111FB4308B00E4E194 /* ItemCell.swift in Sources */,
			);
			runOnlyForDeploymentPostprocessing = 0;
		};
		AE103F1C1FAB6C9400840A9C /* Sources */ = {
			isa = PBXSourcesBuildPhase;
			buildActionMask = 2147483647;
			files = (
				AE103F251FAB6C9400840A9C /* HomepwnerTests.swift in Sources */,
			);
			runOnlyForDeploymentPostprocessing = 0;
		};
		AE103F271FAB6C9400840A9C /* Sources */ = {
			isa = PBXSourcesBuildPhase;
			buildActionMask = 2147483647;
			files = (
				AE103F301FAB6C9400840A9C /* HomepwnerUITests.swift in Sources */,
			);
			runOnlyForDeploymentPostprocessing = 0;
		};
/* End PBXSourcesBuildPhase section */

/* Begin PBXTargetDependency section */
		AE103F221FAB6C9400840A9C /* PBXTargetDependency */ = {
			isa = PBXTargetDependency;
			target = AE103F0B1FAB6C9400840A9C /* Homepwner */;
			targetProxy = AE103F211FAB6C9400840A9C /* PBXContainerItemProxy */;
		};
		AE103F2D1FAB6C9400840A9C /* PBXTargetDependency */ = {
			isa = PBXTargetDependency;
			target = AE103F0B1FAB6C9400840A9C /* Homepwner */;
			targetProxy = AE103F2C1FAB6C9400840A9C /* PBXContainerItemProxy */;
		};
/* End PBXTargetDependency section */

/* Begin PBXVariantGroup section */
		AE103F131FAB6C9400840A9C /* Main.storyboard */ = {
			isa = PBXVariantGroup;
			children = (
				AE103F141FAB6C9400840A9C /* Base */,
			);
			name = Main.storyboard;
			sourceTree = "<group>";
		};
		AE103F181FAB6C9400840A9C /* LaunchScreen.storyboard */ = {
			isa = PBXVariantGroup;
			children = (
				AE103F191FAB6C9400840A9C /* Base */,
			);
			name = LaunchScreen.storyboard;
			sourceTree = "<group>";
		};
/* End PBXVariantGroup section */

/* Begin XCBuildConfiguration section */
		AE103F321FAB6C9400840A9C /* Debug */ = {
			isa = XCBuildConfiguration;
			buildSettings = {
				ALWAYS_SEARCH_USER_PATHS = NO;
				CLANG_ANALYZER_NONNULL = YES;
				CLANG_ANALYZER_NUMBER_OBJECT_CONVERSION = YES_AGGRESSIVE;
				CLANG_CXX_LANGUAGE_STANDARD = "gnu++14";
				CLANG_CXX_LIBRARY = "libc++";
				CLANG_ENABLE_MODULES = YES;
				CLANG_ENABLE_OBJC_ARC = YES;
				CLANG_WARN_BLOCK_CAPTURE_AUTORELEASING = YES;
				CLANG_WARN_BOOL_CONVERSION = YES;
				CLANG_WARN_COMMA = YES;
				CLANG_WARN_CONSTANT_CONVERSION = YES;
				CLANG_WARN_DIRECT_OBJC_ISA_USAGE = YES_ERROR;
				CLANG_WARN_DOCUMENTATION_COMMENTS = YES;
				CLANG_WARN_EMPTY_BODY = YES;
				CLANG_WARN_ENUM_CONVERSION = YES;
				CLANG_WARN_INFINITE_RECURSION = YES;
				CLANG_WARN_INT_CONVERSION = YES;
				CLANG_WARN_NON_LITERAL_NULL_CONVERSION = YES;
				CLANG_WARN_OBJC_LITERAL_CONVERSION = YES;
				CLANG_WARN_OBJC_ROOT_CLASS = YES_ERROR;
				CLANG_WARN_RANGE_LOOP_ANALYSIS = YES;
				CLANG_WARN_STRICT_PROTOTYPES = YES;
				CLANG_WARN_SUSPICIOUS_MOVE = YES;
				CLANG_WARN_UNGUARDED_AVAILABILITY = YES_AGGRESSIVE;
				CLANG_WARN_UNREACHABLE_CODE = YES;
				CLANG_WARN__DUPLICATE_METHOD_MATCH = YES;
				CODE_SIGN_IDENTITY = "iPhone Developer";
				COPY_PHASE_STRIP = NO;
				DEBUG_INFORMATION_FORMAT = dwarf;
				ENABLE_STRICT_OBJC_MSGSEND = YES;
				ENABLE_TESTABILITY = YES;
				GCC_C_LANGUAGE_STANDARD = gnu11;
				GCC_DYNAMIC_NO_PIC = NO;
				GCC_NO_COMMON_BLOCKS = YES;
				GCC_OPTIMIZATION_LEVEL = 0;
				GCC_PREPROCESSOR_DEFINITIONS = (
					"DEBUG=1",
					"$(inherited)",
				);
				GCC_WARN_64_TO_32_BIT_CONVERSION = YES;
				GCC_WARN_ABOUT_RETURN_TYPE = YES_ERROR;
				GCC_WARN_UNDECLARED_SELECTOR = YES;
				GCC_WARN_UNINITIALIZED_AUTOS = YES_AGGRESSIVE;
				GCC_WARN_UNUSED_FUNCTION = YES;
				GCC_WARN_UNUSED_VARIABLE = YES;
				IPHONEOS_DEPLOYMENT_TARGET = 11.0;
				MTL_ENABLE_DEBUG_INFO = YES;
				ONLY_ACTIVE_ARCH = YES;
				SDKROOT = iphoneos;
				SWIFT_ACTIVE_COMPILATION_CONDITIONS = DEBUG;
				SWIFT_OPTIMIZATION_LEVEL = "-Onone";
			};
			name = Debug;
		};
		AE103F331FAB6C9400840A9C /* Release */ = {
			isa = XCBuildConfiguration;
			buildSettings = {
				ALWAYS_SEARCH_USER_PATHS = NO;
				CLANG_ANALYZER_NONNULL = YES;
				CLANG_ANALYZER_NUMBER_OBJECT_CONVERSION = YES_AGGRESSIVE;
				CLANG_CXX_LANGUAGE_STANDARD = "gnu++14";
				CLANG_CXX_LIBRARY = "libc++";
				CLANG_ENABLE_MODULES = YES;
				CLANG_ENABLE_OBJC_ARC = YES;
				CLANG_WARN_BLOCK_CAPTURE_AUTORELEASING = YES;
				CLANG_WARN_BOOL_CONVERSION = YES;
				CLANG_WARN_COMMA = YES;
				CLANG_WARN_CONSTANT_CONVERSION = YES;
				CLANG_WARN_DIRECT_OBJC_ISA_USAGE = YES_ERROR;
				CLANG_WARN_DOCUMENTATION_COMMENTS = YES;
				CLANG_WARN_EMPTY_BODY = YES;
				CLANG_WARN_ENUM_CONVERSION = YES;
				CLANG_WARN_INFINITE_RECURSION = YES;
				CLANG_WARN_INT_CONVERSION = YES;
				CLANG_WARN_NON_LITERAL_NULL_CONVERSION = YES;
				CLANG_WARN_OBJC_LITERAL_CONVERSION = YES;
				CLANG_WARN_OBJC_ROOT_CLASS = YES_ERROR;
				CLANG_WARN_RANGE_LOOP_ANALYSIS = YES;
				CLANG_WARN_STRICT_PROTOTYPES = YES;
				CLANG_WARN_SUSPICIOUS_MOVE = YES;
				CLANG_WARN_UNGUARDED_AVAILABILITY = YES_AGGRESSIVE;
				CLANG_WARN_UNREACHABLE_CODE = YES;
				CLANG_WARN__DUPLICATE_METHOD_MATCH = YES;
				CODE_SIGN_IDENTITY = "iPhone Developer";
				COPY_PHASE_STRIP = NO;
				DEBUG_INFORMATION_FORMAT = "dwarf-with-dsym";
				ENABLE_NS_ASSERTIONS = NO;
				ENABLE_STRICT_OBJC_MSGSEND = YES;
				GCC_C_LANGUAGE_STANDARD = gnu11;
				GCC_NO_COMMON_BLOCKS = YES;
				GCC_WARN_64_TO_32_BIT_CONVERSION = YES;
				GCC_WARN_ABOUT_RETURN_TYPE = YES_ERROR;
				GCC_WARN_UNDECLARED_SELECTOR = YES;
				GCC_WARN_UNINITIALIZED_AUTOS = YES_AGGRESSIVE;
				GCC_WARN_UNUSED_FUNCTION = YES;
				GCC_WARN_UNUSED_VARIABLE = YES;
				IPHONEOS_DEPLOYMENT_TARGET = 11.0;
				MTL_ENABLE_DEBUG_INFO = NO;
				SDKROOT = iphoneos;
				SWIFT_OPTIMIZATION_LEVEL = "-Owholemodule";
				VALIDATE_PRODUCT = YES;
			};
			name = Release;
		};
		AE103F351FAB6C9400840A9C /* Debug */ = {
			isa = XCBuildConfiguration;
			buildSettings = {
				ASSETCATALOG_COMPILER_APPICON_NAME = AppIcon;
				CODE_SIGN_STYLE = Automatic;
				INFOPLIST_FILE = Homepwner/Info.plist;
				LD_RUNPATH_SEARCH_PATHS = "$(inherited) @executable_path/Frameworks";
				PRODUCT_BUNDLE_IDENTIFIER = com.sajiner.Homepwner;
				PRODUCT_NAME = "$(TARGET_NAME)";
				SWIFT_VERSION = 4.0;
				TARGETED_DEVICE_FAMILY = "1,2";
			};
			name = Debug;
		};
		AE103F361FAB6C9400840A9C /* Release */ = {
			isa = XCBuildConfiguration;
			buildSettings = {
				ASSETCATALOG_COMPILER_APPICON_NAME = AppIcon;
				CODE_SIGN_STYLE = Automatic;
				INFOPLIST_FILE = Homepwner/Info.plist;
				LD_RUNPATH_SEARCH_PATHS = "$(inherited) @executable_path/Frameworks";
				PRODUCT_BUNDLE_IDENTIFIER = com.sajiner.Homepwner;
				PRODUCT_NAME = "$(TARGET_NAME)";
				SWIFT_VERSION = 4.0;
				TARGETED_DEVICE_FAMILY = "1,2";
			};
			name = Release;
		};
		AE103F381FAB6C9400840A9C /* Debug */ = {
			isa = XCBuildConfiguration;
			buildSettings = {
				ALWAYS_EMBED_SWIFT_STANDARD_LIBRARIES = YES;
				BUNDLE_LOADER = "$(TEST_HOST)";
				CODE_SIGN_STYLE = Automatic;
				INFOPLIST_FILE = HomepwnerTests/Info.plist;
				LD_RUNPATH_SEARCH_PATHS = "$(inherited) @executable_path/Frameworks @loader_path/Frameworks";
				PRODUCT_BUNDLE_IDENTIFIER = com.sajiner.HomepwnerTests;
				PRODUCT_NAME = "$(TARGET_NAME)";
				SWIFT_VERSION = 4.0;
				TARGETED_DEVICE_FAMILY = "1,2";
				TEST_HOST = "$(BUILT_PRODUCTS_DIR)/Homepwner.app/Homepwner";
			};
			name = Debug;
		};
		AE103F391FAB6C9400840A9C /* Release */ = {
			isa = XCBuildConfiguration;
			buildSettings = {
				ALWAYS_EMBED_SWIFT_STANDARD_LIBRARIES = YES;
				BUNDLE_LOADER = "$(TEST_HOST)";
				CODE_SIGN_STYLE = Automatic;
				INFOPLIST_FILE = HomepwnerTests/Info.plist;
				LD_RUNPATH_SEARCH_PATHS = "$(inherited) @executable_path/Frameworks @loader_path/Frameworks";
				PRODUCT_BUNDLE_IDENTIFIER = com.sajiner.HomepwnerTests;
				PRODUCT_NAME = "$(TARGET_NAME)";
				SWIFT_VERSION = 4.0;
				TARGETED_DEVICE_FAMILY = "1,2";
				TEST_HOST = "$(BUILT_PRODUCTS_DIR)/Homepwner.app/Homepwner";
			};
			name = Release;
		};
		AE103F3B1FAB6C9400840A9C /* Debug */ = {
			isa = XCBuildConfiguration;
			buildSettings = {
				ALWAYS_EMBED_SWIFT_STANDARD_LIBRARIES = YES;
				CODE_SIGN_STYLE = Automatic;
				INFOPLIST_FILE = HomepwnerUITests/Info.plist;
				LD_RUNPATH_SEARCH_PATHS = "$(inherited) @executable_path/Frameworks @loader_path/Frameworks";
				PRODUCT_BUNDLE_IDENTIFIER = com.sajiner.HomepwnerUITests;
				PRODUCT_NAME = "$(TARGET_NAME)";
				SWIFT_VERSION = 4.0;
				TARGETED_DEVICE_FAMILY = "1,2";
				TEST_TARGET_NAME = Homepwner;
			};
			name = Debug;
		};
		AE103F3C1FAB6C9400840A9C /* Release */ = {
			isa = XCBuildConfiguration;
			buildSettings = {
				ALWAYS_EMBED_SWIFT_STANDARD_LIBRARIES = YES;
				CODE_SIGN_STYLE = Automatic;
				INFOPLIST_FILE = HomepwnerUITests/Info.plist;
				LD_RUNPATH_SEARCH_PATHS = "$(inherited) @executable_path/Frameworks @loader_path/Frameworks";
				PRODUCT_BUNDLE_IDENTIFIER = com.sajiner.HomepwnerUITests;
				PRODUCT_NAME = "$(TARGET_NAME)";
				SWIFT_VERSION = 4.0;
				TARGETED_DEVICE_FAMILY = "1,2";
				TEST_TARGET_NAME = Homepwner;
			};
			name = Release;
		};
/* End XCBuildConfiguration section */

/* Begin XCConfigurationList section */
		AE103F071FAB6C9400840A9C /* Build configuration list for PBXProject "Homepwner" */ = {
			isa = XCConfigurationList;
			buildConfigurations = (
				AE103F321FAB6C9400840A9C /* Debug */,
				AE103F331FAB6C9400840A9C /* Release */,
			);
			defaultConfigurationIsVisible = 0;
			defaultConfigurationName = Release;
		};
		AE103F341FAB6C9400840A9C /* Build configuration list for PBXNativeTarget "Homepwner" */ = {
			isa = XCConfigurationList;
			buildConfigurations = (
				AE103F351FAB6C9400840A9C /* Debug */,
				AE103F361FAB6C9400840A9C /* Release */,
			);
			defaultConfigurationIsVisible = 0;
			defaultConfigurationName = Release;
		};
		AE103F371FAB6C9400840A9C /* Build configuration list for PBXNativeTarget "HomepwnerTests" */ = {
			isa = XCConfigurationList;
			buildConfigurations = (
				AE103F381FAB6C9400840A9C /* Debug */,
				AE103F391FAB6C9400840A9C /* Release */,
			);
			defaultConfigurationIsVisible = 0;
			defaultConfigurationName = Release;
		};
		AE103F3A1FAB6C9400840A9C /* Build configuration list for PBXNativeTarget "HomepwnerUITests" */ = {
			isa = XCConfigurationList;
			buildConfigurations = (
				AE103F3B1FAB6C9400840A9C /* Debug */,
				AE103F3C1FAB6C9400840A9C /* Release */,
			);
			defaultConfigurationIsVisible = 0;
			defaultConfigurationName = Release;
		};
/* End XCConfigurationList section */
	};
	rootObject = AE103F041FAB6C9400840A9C /* Project object */;
}
